
Microsoft Visual Studio Solution File, Format Version 12.00
# Visual Studio Version 16
VisualStudioVersion = 16.0.31624.102
MinimumVisualStudioVersion = 10.0.40219.1
Project("{FAE04EC0-301F-11D3-BF4B-00C04F79EFBC}") = "Labb3WPFviews", "Labb3WPFviews\Labb3WPFviews.csproj", "{702EEEAF-63E2-4474-8FC6-91B3051D339F}"
EndProject
Global
	GlobalSection(SolutionConfigurationPlatforms) = preSolution
		Debug|Any CPU = Debug|Any CPU
		Release|Any CPU = Release|Any CPU
	EndGlobalSection
	GlobalSection(ProjectConfigurationPlatforms) = postSolution
		{702EEEAF-63E2-4474-8FC6-91B3051D339F}.Debug|Any CPU.ActiveCfg = Debug|Any CPU
		{702EEEAF-63E2-4474-8FC6-91B3051D339F}.Debug|Any CPU.Build.0 = Debug|Any CPU
		{702EEEAF-63E2-4474-8FC6-91B3051D339F}.Release|Any CPU.ActiveCfg = Release|Any CPU
		{702EEEAF-63E2-4474-8FC6-91B3051D339F}.Release|Any CPU.Build.0 = Release|Any CPU
	EndGlobalSection
	GlobalSection(SolutionProperties) = preSolution
		HideSolutionNode = FALSE
	EndGlobalSection
	GlobalSection(ExtensibilityGlobals) = postSolution
		SolutionGuid = {92C24437-1AB7-4014-87EC-AB53680B2605}
	EndGlobalSection
EndGlobal
